
Microsoft Visual Studio Solution File, Format Version 12.00
# Visual Studio 15
VisualStudioVersion = 15.0.27004.2009
MinimumVisualStudioVersion = 10.0.40219.1
Project("{9A19103F-16F7-4668-BE54-9A1E7A4F7556}") = "OptionalStyle", "OptionalStyle\OptionalStyle.csproj", "{4707060F-0CF8-483E-8B9A-A2AD57891C4A}"
EndProject
Project("{9A19103F-16F7-4668-BE54-9A1E7A4F7556}") = "OptionalStyle.Tests", "OptionalStyle.Tests\OptionalStyle.Tests.csproj", "{92C694E3-E139-4ABC-9998-BE7F4A00F42B}"
EndProject
Global
	GlobalSection(SolutionConfigurationPlatforms) = preSolution
		Debug|Any CPU = Debug|Any CPU
		Release|Any CPU = Release|Any CPU
	EndGlobalSection
	GlobalSection(ProjectConfigurationPlatforms) = postSolution
		{4707060F-0CF8-483E-8B9A-A2AD57891C4A}.Debug|Any CPU.ActiveCfg = Debug|Any CPU
		{4707060F-0CF8-483E-8B9A-A2AD57891C4A}.Debug|Any CPU.Build.0 = Debug|Any CPU
		{4707060F-0CF8-483E-8B9A-A2AD57891C4A}.Release|Any CPU.ActiveCfg = Release|Any CPU
		{4707060F-0CF8-483E-8B9A-A2AD57891C4A}.Release|Any CPU.Build.0 = Release|Any CPU
		{92C694E3-E139-4ABC-9998-BE7F4A00F42B}.Debug|Any CPU.ActiveCfg = Debug|Any CPU
		{92C694E3-E139-4ABC-9998-BE7F4A00F42B}.Debug|Any CPU.Build.0 = Debug|Any CPU
		{92C694E3-E139-4ABC-9998-BE7F4A00F42B}.Release|Any CPU.ActiveCfg = Release|Any CPU
		{92C694E3-E139-4ABC-9998-BE7F4A00F42B}.Release|Any CPU.Build.0 = Release|Any CPU
	EndGlobalSection
	GlobalSection(SolutionProperties) = preSolution
		HideSolutionNode = FALSE
	EndGlobalSection
	GlobalSection(ExtensibilityGlobals) = postSolution
		SolutionGuid = {3ED50447-7859-46BE-957C-95427F53C4A6}
	EndGlobalSection
EndGlobal
